
Microsoft Visual Studio Solution File, Format Version 12.00
Project("{FAE04EC0-301F-11D3-BF4B-00C04F79EFBC}") = "TypeScriptModelGenerator", "TypeScriptModelGenerator\TypeScriptModelGenerator.csproj", "{74FF10D5-5DB2-4FF1-9CFF-99DAC73115C2}"
EndProject
Project("{FAE04EC0-301F-11D3-BF4B-00C04F79EFBC}") = "TypeScriptModelGeneratorConsoleApplication", "TypeScriptModelGeneratorConsoleApplication\TypeScriptModelGeneratorConsoleApplication.csproj", "{3F7ACCE1-4088-4314-A209-CEF1EAB010AB}"
EndProject
Global
	GlobalSection(SolutionConfigurationPlatforms) = preSolution
		Debug|Any CPU = Debug|Any CPU
		Release|Any CPU = Release|Any CPU
	EndGlobalSection
	GlobalSection(ProjectConfigurationPlatforms) = postSolution
		{74FF10D5-5DB2-4FF1-9CFF-99DAC73115C2}.Debug|Any CPU.ActiveCfg = Debug|Any CPU
		{74FF10D5-5DB2-4FF1-9CFF-99DAC73115C2}.Debug|Any CPU.Build.0 = Debug|Any CPU
		{74FF10D5-5DB2-4FF1-9CFF-99DAC73115C2}.Release|Any CPU.ActiveCfg = Release|Any CPU
		{74FF10D5-5DB2-4FF1-9CFF-99DAC73115C2}.Release|Any CPU.Build.0 = Release|Any CPU
		{3F7ACCE1-4088-4314-A209-CEF1EAB010AB}.Debug|Any CPU.ActiveCfg = Debug|Any CPU
		{3F7ACCE1-4088-4314-A209-CEF1EAB010AB}.Debug|Any CPU.Build.0 = Debug|Any CPU
		{3F7ACCE1-4088-4314-A209-CEF1EAB010AB}.Release|Any CPU.ActiveCfg = Release|Any CPU
		{3F7ACCE1-4088-4314-A209-CEF1EAB010AB}.Release|Any CPU.Build.0 = Release|Any CPU
	EndGlobalSection
EndGlobal
